// !$*UTF8*$!
{
	archiveVersion = 1;
	classes = {
	};
	objectVersion = 46;
	objects = {

/* Begin PBXBuildFile section */
		58848FAA1C9CE21D000BA8D1 /* AppDelegate.swift in Sources */ = {isa = PBXBuildFile; fileRef = 58848FA91C9CE21D000BA8D1 /* AppDelegate.swift */; };
		58848FAC1C9CE21D000BA8D1 /* ViewController.swift in Sources */ = {isa = PBXBuildFile; fileRef = 58848FAB1C9CE21D000BA8D1 /* ViewController.swift */; };
		58848FAF1C9CE21D000BA8D1 /* Main.storyboard in Resources */ = {isa = PBXBuildFile; fileRef = 58848FAD1C9CE21D000BA8D1 /* Main.storyboard */; };
		58848FB11C9CE21D000BA8D1 /* Images.xcassets in Resources */ = {isa = PBXBuildFile; fileRef = 58848FB01C9CE21D000BA8D1 /* Images.xcassets */; };
		58848FB41C9CE21D000BA8D1 /* LaunchScreen.xib in Resources */ = {isa = PBXBuildFile; fileRef = 58848FB21C9CE21D000BA8D1 /* LaunchScreen.xib */; };
		58848FC01C9CE21D000BA8D1 /* hackson3_19Tests.swift in Sources */ = {isa = PBXBuildFile; fileRef = 58848FBF1C9CE21D000BA8D1 /* hackson3_19Tests.swift */; };
/* End PBXBuildFile section */

/* Begin PBXContainerItemProxy section */
		58848FBA1C9CE21D000BA8D1 /* PBXContainerItemProxy */ = {
			isa = PBXContainerItemProxy;
			containerPortal = 58848F9C1C9CE21D000BA8D1 /* Project object */;
			proxyType = 1;
			remoteGlobalIDString = 58848FA31C9CE21D000BA8D1;
			remoteInfo = "hackson3-19";
		};
/* End PBXContainerItemProxy section */

/* Begin PBXFileReference section */
		58848FA41C9CE21D000BA8D1 /* hackson3-19.app */ = {isa = PBXFileReference; explicitFileType = wrapper.application; includeInIndex = 0; path = "hackson3-19.app"; sourceTree = BUILT_PRODUCTS_DIR; };
		58848FA81C9CE21D000BA8D1 /* Info.plist */ = {isa = PBXFileReference; lastKnownFileType = text.plist.xml; path = Info.plist; sourceTree = "<group>"; };
		58848FA91C9CE21D000BA8D1 /* AppDelegate.swift */ = {isa = PBXFileReference; lastKnownFileType = sourcecode.swift; path = AppDelegate.swift; sourceTree = "<group>"; };
		58848FAB1C9CE21D000BA8D1 /* ViewController.swift */ = {isa = PBXFileReference; lastKnownFileType = sourcecode.swift; path = ViewController.swift; sourceTree = "<group>"; };
		58848FAE1C9CE21D000BA8D1 /* Base */ = {isa = PBXFileReference; lastKnownFileType = file.storyboard; name = Base; path = Base.lproj/Main.storyboard; sourceTree = "<group>"; };
		58848FB01C9CE21D000BA8D1 /* Images.xcassets */ = {isa = PBXFileReference; lastKnownFileType = folder.assetcatalog; path = Images.xcassets; sourceTree = "<group>"; };
		58848FB31C9CE21D000BA8D1 /* Base */ = {isa = PBXFileReference; lastKnownFileType = file.xib; name = Base; path = Base.lproj/LaunchScreen.xib; sourceTree = "<group>"; };
		58848FB91C9CE21D000BA8D1 /* hackson3-19Tests.xctest */ = {isa = PBXFileReference; explicitFileType = wrapper.cfbundle; includeInIndex = 0; path = "hackson3-19Tests.xctest"; sourceTree = BUILT_PRODUCTS_DIR; };
		58848FBE1C9CE21D000BA8D1 /* Info.plist */ = {isa = PBXFileReference; lastKnownFileType = text.plist.xml; path = Info.plist; sourceTree = "<group>"; };
		58848FBF1C9CE21D000BA8D1 /* hackson3_19Tests.swift */ = {isa = PBXFileReference; lastKnownFileType = sourcecode.swift; path = hackson3_19Tests.swift; sourceTree = "<group>"; };
/* End PBXFileReference section */

/* Begin PBXFrameworksBuildPhase section */
		58848FA11C9CE21D000BA8D1 /* Frameworks */ = {
			isa = PBXFrameworksBuildPhase;
			buildActionMask = 2147483647;
			files = (
			);
			runOnlyForDeploymentPostprocessing = 0;
		};
		58848FB61C9CE21D000BA8D1 /* Frameworks */ = {
			isa = PBXFrameworksBuildPhase;
			buildActionMask = 2147483647;
			files = (
			);
			runOnlyForDeploymentPostprocessing = 0;
		};
/* End PBXFrameworksBuildPhase section */

/* Begin PBXGroup section */
		58848F9B1C9CE21D000BA8D1 = {
			isa = PBXGroup;
			children = (
				58848FA61C9CE21D000BA8D1 /* hackson3-19 */,
				58848FBC1C9CE21D000BA8D1 /* hackson3-19Tests */,
				58848FA51C9CE21D000BA8D1 /* Products */,
			);
			sourceTree = "<group>";
		};
		58848FA51C9CE21D000BA8D1 /* Products */ = {
			isa = PBXGroup;
			children = (
				58848FA41C9CE21D000BA8D1 /* hackson3-19.app */,
				58848FB91C9CE21D000BA8D1 /* hackson3-19Tests.xctest */,
			);
			name = Products;
			sourceTree = "<group>";
		};
		58848FA61C9CE21D000BA8D1 /* hackson3-19 */ = {
			isa = PBXGroup;
			children = (
				58848FA91C9CE21D000BA8D1 /* AppDelegate.swift */,
				58848FAB1C9CE21D000BA8D1 /* ViewController.swift */,
				58848FAD1C9CE21D000BA8D1 /* Main.storyboard */,
				58848FB01C9CE21D000BA8D1 /* Images.xcassets */,
				58848FB21C9CE21D000BA8D1 /* LaunchScreen.xib */,
				58848FA71C9CE21D000BA8D1 /* Supporting Files */,
			);
			path = "hackson3-19";
			sourceTree = "<group>";
		};
		58848FA71C9CE21D000BA8D1 /* Supporting Files */ = {
			isa = PBXGroup;
			children = (
				58848FA81C9CE21D000BA8D1 /* Info.plist */,
			);
			name = "Supporting Files";
			sourceTree = "<group>";
		};
		58848FBC1C9CE21D000BA8D1 /* hackson3-19Tests */ = {
			isa = PBXGroup;
			children = (
				58848FBF1C9CE21D000BA8D1 /* hackson3_19Tests.swift */,
				58848FBD1C9CE21D000BA8D1 /* Supporting Files */,
			);
			path = "hackson3-19Tests";
			sourceTree = "<group>";
		};
		58848FBD1C9CE21D000BA8D1 /* Supporting Files */ = {
			isa = PBXGroup;
			children = (
				58848FBE1C9CE21D000BA8D1 /* Info.plist */,
			);
			name = "Supporting Files";
			sourceTree = "<group>";
		};
/* End PBXGroup section */

/* Begin PBXNativeTarget section */
		58848FA31C9CE21D000BA8D1 /* hackson3-19 */ = {
			isa = PBXNativeTarget;
			buildConfigurationList = 58848FC31C9CE21D000BA8D1 /* Build configuration list for PBXNativeTarget "hackson3-19" */;
			buildPhases = (
				58848FA01C9CE21D000BA8D1 /* Sources */,
				58848FA11C9CE21D000BA8D1 /* Frameworks */,
				58848FA21C9CE21D000BA8D1 /* Resources */,
			);
			buildRules = (
			);
			dependencies = (
			);
			name = "hackson3-19";
			productName = "hackson3-19";
			productReference = 58848FA41C9CE21D000BA8D1 /* hackson3-19.app */;
			productType = "com.apple.product-type.application";
		};
		58848FB81C9CE21D000BA8D1 /* hackson3-19Tests */ = {
			isa = PBXNativeTarget;
			buildConfigurationList = 58848FC61C9CE21D000BA8D1 /* Build configuration list for PBXNativeTarget "hackson3-19Tests" */;
			buildPhases = (
				58848FB51C9CE21D000BA8D1 /* Sources */,
				58848FB61C9CE21D000BA8D1 /* Frameworks */,
				58848FB71C9CE21D000BA8D1 /* Resources */,
			);
			buildRules = (
			);
			dependencies = (
				58848FBB1C9CE21D000BA8D1 /* PBXTargetDependency */,
			);
			name = "hackson3-19Tests";
			productName = "hackson3-19Tests";
			productReference = 58848FB91C9CE21D000BA8D1 /* hackson3-19Tests.xctest */;
			productType = "com.apple.product-type.bundle.unit-test";
		};
/* End PBXNativeTarget section */

/* Begin PBXProject section */
		58848F9C1C9CE21D000BA8D1 /* Project object */ = {
			isa = PBXProject;
			attributes = {
				LastUpgradeCheck = 0640;
				ORGANIZATIONNAME = Koichi;
				TargetAttributes = {
					58848FA31C9CE21D000BA8D1 = {
						CreatedOnToolsVersion = 6.4;
					};
					58848FB81C9CE21D000BA8D1 = {
						CreatedOnToolsVersion = 6.4;
						TestTargetID = 58848FA31C9CE21D000BA8D1;
					};
				};
			};
			buildConfigurationList = 58848F9F1C9CE21D000BA8D1 /* Build configuration list for PBXProject "hackson3-19" */;
			compatibilityVersion = "Xcode 3.2";
			developmentRegion = English;
			hasScannedForEncodings = 0;
			knownRegions = (
				en,
				Base,
			);
			mainGroup = 58848F9B1C9CE21D000BA8D1;
			productRefGroup = 58848FA51C9CE21D000BA8D1 /* Products */;
			projectDirPath = "";
			projectRoot = "";
			targets = (
				58848FA31C9CE21D000BA8D1 /* hackson3-19 */,
				58848FB81C9CE21D000BA8D1 /* hackson3-19Tests */,
			);
		};
/* End PBXProject section */

/* Begin PBXResourcesBuildPhase section */
		58848FA21C9CE21D000BA8D1 /* Resources */ = {
			isa = PBXResourcesBuildPhase;
			buildActionMask = 2147483647;
			files = (
				58848FAF1C9CE21D000BA8D1 /* Main.storyboard in Resources */,
				58848FB41C9CE21D000BA8D1 /* LaunchScreen.xib in Resources */,
				58848FB11C9CE21D000BA8D1 /* Images.xcassets in Resources */,
			);
			runOnlyForDeploymentPostprocessing = 0;
		};
		58848FB71C9CE21D000BA8D1 /* Resources */ = {
			isa = PBXResourcesBuildPhase;
			buildActionMask = 2147483647;
			files = (
			);
			runOnlyForDeploymentPostprocessing = 0;
		};
/* End PBXResourcesBuildPhase section */

/* Begin PBXSourcesBuildPhase section */
		58848FA01C9CE21D000BA8D1 /* Sources */ = {
			isa = PBXSourcesBuildPhase;
			buildActionMask = 2147483647;
			files = (
				58848FAC1C9CE21D000BA8D1 /* ViewController.swift in Sources */,
				58848FAA1C9CE21D000BA8D1 /* AppDelegate.swift in Sources */,
			);
			runOnlyForDeploymentPostprocessing = 0;
		};
		58848FB51C9CE21D000BA8D1 /* Sources */ = {
			isa = PBXSourcesBuildPhase;
			buildActionMask = 2147483647;
			files = (
				58848FC01C9CE21D000BA8D1 /* hackson3_19Tests.swift in Sources */,
			);
			runOnlyForDeploymentPostprocessing = 0;
		};
/* End PBXSourcesBuildPhase section */

/* Begin PBXTargetDependency section */
		58848FBB1C9CE21D000BA8D1 /* PBXTargetDependency */ = {
			isa = PBXTargetDependency;
			target = 58848FA31C9CE21D000BA8D1 /* hackson3-19 */;
			targetProxy = 58848FBA1C9CE21D000BA8D1 /* PBXContainerItemProxy */;
		};
/* End PBXTargetDependency section */

/* Begin PBXVariantGroup section */
		58848FAD1C9CE21D000BA8D1 /* Main.storyboard */ = {
			isa = PBXVariantGroup;
			children = (
				58848FAE1C9CE21D000BA8D1 /* Base */,
			);
			name = Main.storyboard;
			sourceTree = "<group>";
		};
		58848FB21C9CE21D000BA8D1 /* LaunchScreen.xib */ = {
			isa = PBXVariantGroup;
			children = (
				58848FB31C9CE21D000BA8D1 /* Base */,
			);
			name = LaunchScreen.xib;
			sourceTree = "<group>";
		};
/* End PBXVariantGroup section */

/* Begin XCBuildConfiguration section */
		58848FC11C9CE21D000BA8D1 /* Debug */ = {
			isa = XCBuildConfiguration;
			buildSettings = {
				ALWAYS_SEARCH_USER_PATHS = NO;
				CLANG_CXX_LANGUAGE_STANDARD = "gnu++0x";
				CLANG_CXX_LIBRARY = "libc++";
				CLANG_ENABLE_MODULES = YES;
				CLANG_ENABLE_OBJC_ARC = YES;
				CLANG_WARN_BOOL_CONVERSION = YES;
				CLANG_WARN_CONSTANT_CONVERSION = YES;
				CLANG_WARN_DIRECT_OBJC_ISA_USAGE = YES_ERROR;
				CLANG_WARN_EMPTY_BODY = YES;
				CLANG_WARN_ENUM_CONVERSION = YES;
				CLANG_WARN_INT_CONVERSION = YES;
				CLANG_WARN_OBJC_ROOT_CLASS = YES_ERROR;
				CLANG_WARN_UNREACHABLE_CODE = YES;
				CLANG_WARN__DUPLICATE_METHOD_MATCH = YES;
				"CODE_SIGN_IDENTITY[sdk=iphoneos*]" = "iPhone Developer";
				COPY_PHASE_STRIP = NO;
				DEBUG_INFORMATION_FORMAT = "dwarf-with-dsym";
				ENABLE_STRICT_OBJC_MSGSEND = YES;
				GCC_C_LANGUAGE_STANDARD = gnu99;
				GCC_DYNAMIC_NO_PIC = NO;
				GCC_NO_COMMON_BLOCKS = YES;
				GCC_OPTIMIZATION_LEVEL = 0;
				GCC_PREPROCESSOR_DEFINITIONS = (
					"DEBUG=1",
					"$(inherited)",
				);
				GCC_SYMBOLS_PRIVATE_EXTERN = NO;
				GCC_WARN_64_TO_32_BIT_CONVERSION = YES;
				GCC_WARN_ABOUT_RETURN_TYPE = YES_ERROR;
				GCC_WARN_UNDECLARED_SELECTOR = YES;
				GCC_WARN_UNINITIALIZED_AUTOS = YES_AGGRESSIVE;
				GCC_WARN_UNUSED_FUNCTION = YES;
				GCC_WARN_UNUSED_VARIABLE = YES;
				IPHONEOS_DEPLOYMENT_TARGET = 8.4;
				MTL_ENABLE_DEBUG_INFO = YES;
				ONLY_ACTIVE_ARCH = YES;
				SDKROOT = iphoneos;
				SWIFT_OPTIMIZATION_LEVEL = "-Onone";
			};
			name = Debug;
		};
		58848FC21C9CE21D000BA8D1 /* Release */ = {
			isa = XCBuildConfiguration;
			buildSettings = {
				ALWAYS_SEARCH_USER_PATHS = NO;
				CLANG_CXX_LANGUAGE_STANDARD = "gnu++0x";
				CLANG_CXX_LIBRARY = "libc++";
				CLANG_ENABLE_MODULES = YES;
				CLANG_ENABLE_OBJC_ARC = YES;
				CLANG_WARN_BOOL_CONVERSION = YES;
				CLANG_WARN_CONSTANT_CONVERSION = YES;
				CLANG_WARN_DIRECT_OBJC_ISA_USAGE = YES_ERROR;
				CLANG_WARN_EMPTY_BODY = YES;
				CLANG_WARN_ENUM_CONVERSION = YES;
				CLANG_WARN_INT_CONVERSION = YES;
				CLANG_WARN_OBJC_ROOT_CLASS = YES_ERROR;
				CLANG_WARN_UNREACHABLE_CODE = YES;
				CLANG_WARN__DUPLICATE_METHOD_MATCH = YES;
				"CODE_SIGN_IDENTITY[sdk=iphoneos*]" = "iPhone Developer";
				COPY_PHASE_STRIP = NO;
				DEBUG_INFORMATION_FORMAT = "dwarf-with-dsym";
				ENABLE_NS_ASSERTIONS = NO;
				ENABLE_STRICT_OBJC_MSGSEND = YES;
				GCC_C_LANGUAGE_STANDARD = gnu99;
				GCC_NO_COMMON_BLOCKS = YES;
				GCC_WARN_64_TO_32_BIT_CONVERSION = YES;
				GCC_WARN_ABOUT_RETURN_TYPE = YES_ERROR;
				GCC_WARN_UNDECLARED_SELECTOR = YES;
				GCC_WARN_UNINITIALIZED_AUTOS = YES_AGGRESSIVE;
				GCC_WARN_UNUSED_FUNCTION = YES;
				GCC_WARN_UNUSED_VARIABLE = YES;
				IPHONEOS_DEPLOYMENT_TARGET = 8.4;
				MTL_ENABLE_DEBUG_INFO = NO;
				SDKROOT = iphoneos;
				VALIDATE_PRODUCT = YES;
			};
			name = Release;
		};
		58848FC41C9CE21D000BA8D1 /* Debug */ = {
			isa = XCBuildConfiguration;
			buildSettings = {
				ASSETCATALOG_COMPILER_APPICON_NAME = AppIcon;
				INFOPLIST_FILE = "hackson3-19/Info.plist";
				LD_RUNPATH_SEARCH_PATHS = "$(inherited) @executable_path/Frameworks";
				PRODUCT_NAME = "$(TARGET_NAME)";
			};
			name = Debug;
		};
		58848FC51C9CE21D000BA8D1 /* Release */ = {
			isa = XCBuildConfiguration;
			buildSettings = {
				ASSETCATALOG_COMPILER_APPICON_NAME = AppIcon;
				INFOPLIST_FILE = "hackson3-19/Info.plist";
				LD_RUNPATH_SEARCH_PATHS = "$(inherited) @executable_path/Frameworks";
				PRODUCT_NAME = "$(TARGET_NAME)";
			};
			name = Release;
		};
		58848FC71C9CE21D000BA8D1 /* Debug */ = {
			isa = XCBuildConfiguration;
			buildSettings = {
				BUNDLE_LOADER = "$(TEST_HOST)";
				FRAMEWORK_SEARCH_PATHS = (
					"$(SDKROOT)/Developer/Library/Frameworks",
					"$(inherited)",
				);
				GCC_PREPROCESSOR_DEFINITIONS = (
					"DEBUG=1",
					"$(inherited)",
				);
				INFOPLIST_FILE = "hackson3-19Tests/Info.plist";
				LD_RUNPATH_SEARCH_PATHS = "$(inherited) @executable_path/Frameworks @loader_path/Frameworks";
				PRODUCT_NAME = "$(TARGET_NAME)";
				TEST_HOST = "$(BUILT_PRODUCTS_DIR)/hackson3-19.app/hackson3-19";
			};
			name = Debug;
		};
		58848FC81C9CE21D000BA8D1 /* Release */ = {
			isa = XCBuildConfiguration;
			buildSettings = {
				BUNDLE_LOADER = "$(TEST_HOST)";
				FRAMEWORK_SEARCH_PATHS = (
					"$(SDKROOT)/Developer/Library/Frameworks",
					"$(inherited)",
				);
				INFOPLIST_FILE = "hackson3-19Tests/Info.plist";
				LD_RUNPATH_SEARCH_PATHS = "$(inherited) @executable_path/Frameworks @loader_path/Frameworks";
				PRODUCT_NAME = "$(TARGET_NAME)";
				TEST_HOST = "$(BUILT_PRODUCTS_DIR)/hackson3-19.app/hackson3-19";
			};
			name = Release;
		};
/* End XCBuildConfiguration section */

/* Begin XCConfigurationList section */
		58848F9F1C9CE21D000BA8D1 /* Build configuration list for PBXProject "hackson3-19" */ = {
			isa = XCConfigurationList;
			buildConfigurations = (
				58848FC11C9CE21D000BA8D1 /* Debug */,
				58848FC21C9CE21D000BA8D1 /* Release */,
			);
			defaultConfigurationIsVisible = 0;
			defaultConfigurationName = Release;
		};
		58848FC31C9CE21D000BA8D1 /* Build configuration list for PBXNativeTarget "hackson3-19" */ = {
			isa = XCConfigurationList;
			buildConfigurations = (
				58848FC41C9CE21D000BA8D1 /* Debug */,
				58848FC51C9CE21D000BA8D1 /* Release */,
			);
			defaultConfigurationIsVisible = 0;
		};
		58848FC61C9CE21D000BA8D1 /* Build configuration list for PBXNativeTarget "hackson3-19Tests" */ = {
			isa = XCConfigurationList;
			buildConfigurations = (
				58848FC71C9CE21D000BA8D1 /* Debug */,
				58848FC81C9CE21D000BA8D1 /* Release */,
			);
			defaultConfigurationIsVisible = 0;
		};
/* End XCConfigurationList section */
	};
	rootObject = 58848F9C1C9CE21D000BA8D1 /* Project object */;
}
