// !$*UTF8*$!
{
	archiveVersion = 1;
	classes = {
	};
	objectVersion = 46;
	objects = {

/* Begin PBXBuildFile section */
		02E04806AD31AF34A7AF8116 /* libPods.a in Frameworks */ = {isa = PBXBuildFile; fileRef = 9D94F3370ADDEA5C6E1C7348 /* libPods.a */; };
		05E69DE91C9CE6FD00B2FFF1 /* AppDelegate.swift in Sources */ = {isa = PBXBuildFile; fileRef = 05E69DE81C9CE6FD00B2FFF1 /* AppDelegate.swift */; };
		05E69DEB1C9CE6FD00B2FFF1 /* FirstViewController.swift in Sources */ = {isa = PBXBuildFile; fileRef = 05E69DEA1C9CE6FD00B2FFF1 /* FirstViewController.swift */; };
		05E69DED1C9CE6FD00B2FFF1 /* SecondViewController.swift in Sources */ = {isa = PBXBuildFile; fileRef = 05E69DEC1C9CE6FD00B2FFF1 /* SecondViewController.swift */; };
		05E69DF01C9CE6FD00B2FFF1 /* Main.storyboard in Resources */ = {isa = PBXBuildFile; fileRef = 05E69DEE1C9CE6FD00B2FFF1 /* Main.storyboard */; };
		05E69DF21C9CE6FE00B2FFF1 /* Assets.xcassets in Resources */ = {isa = PBXBuildFile; fileRef = 05E69DF11C9CE6FE00B2FFF1 /* Assets.xcassets */; };
		05E69DF51C9CE6FE00B2FFF1 /* LaunchScreen.storyboard in Resources */ = {isa = PBXBuildFile; fileRef = 05E69DF31C9CE6FE00B2FFF1 /* LaunchScreen.storyboard */; };
		05E69E001C9CE6FE00B2FFF1 /* Hackamedia_3_19Tests.swift in Sources */ = {isa = PBXBuildFile; fileRef = 05E69DFF1C9CE6FE00B2FFF1 /* Hackamedia_3_19Tests.swift */; };
		05E69E0B1C9CE6FF00B2FFF1 /* Hackamedia_3_19UITests.swift in Sources */ = {isa = PBXBuildFile; fileRef = 05E69E0A1C9CE6FF00B2FFF1 /* Hackamedia_3_19UITests.swift */; };
		7866158C3551C9EAC18E0642 /* libPods-Hackamedia-3-19.a in Frameworks */ = {isa = PBXBuildFile; fileRef = 408557704726A0C82492A874 /* libPods-Hackamedia-3-19.a */; };
/* End PBXBuildFile section */

/* Begin PBXContainerItemProxy section */
		05E69DFC1C9CE6FE00B2FFF1 /* PBXContainerItemProxy */ = {
			isa = PBXContainerItemProxy;
			containerPortal = 05E69DDD1C9CE6FD00B2FFF1 /* Project object */;
			proxyType = 1;
			remoteGlobalIDString = 05E69DE41C9CE6FD00B2FFF1;
			remoteInfo = "Hackamedia-3-19";
		};
		05E69E071C9CE6FE00B2FFF1 /* PBXContainerItemProxy */ = {
			isa = PBXContainerItemProxy;
			containerPortal = 05E69DDD1C9CE6FD00B2FFF1 /* Project object */;
			proxyType = 1;
			remoteGlobalIDString = 05E69DE41C9CE6FD00B2FFF1;
			remoteInfo = "Hackamedia-3-19";
		};
/* End PBXContainerItemProxy section */

/* Begin PBXFileReference section */
		05E69DE51C9CE6FD00B2FFF1 /* Hackamedia-3-19.app */ = {isa = PBXFileReference; explicitFileType = wrapper.application; includeInIndex = 0; path = "Hackamedia-3-19.app"; sourceTree = BUILT_PRODUCTS_DIR; };
		05E69DE81C9CE6FD00B2FFF1 /* AppDelegate.swift */ = {isa = PBXFileReference; lastKnownFileType = sourcecode.swift; path = AppDelegate.swift; sourceTree = "<group>"; };
		05E69DEA1C9CE6FD00B2FFF1 /* FirstViewController.swift */ = {isa = PBXFileReference; lastKnownFileType = sourcecode.swift; path = FirstViewController.swift; sourceTree = "<group>"; };
		05E69DEC1C9CE6FD00B2FFF1 /* SecondViewController.swift */ = {isa = PBXFileReference; lastKnownFileType = sourcecode.swift; path = SecondViewController.swift; sourceTree = "<group>"; };
		05E69DEF1C9CE6FD00B2FFF1 /* Base */ = {isa = PBXFileReference; lastKnownFileType = file.storyboard; name = Base; path = Base.lproj/Main.storyboard; sourceTree = "<group>"; };
		05E69DF11C9CE6FE00B2FFF1 /* Assets.xcassets */ = {isa = PBXFileReference; lastKnownFileType = folder.assetcatalog; path = Assets.xcassets; sourceTree = "<group>"; };
		05E69DF41C9CE6FE00B2FFF1 /* Base */ = {isa = PBXFileReference; lastKnownFileType = file.storyboard; name = Base; path = Base.lproj/LaunchScreen.storyboard; sourceTree = "<group>"; };
		05E69DF61C9CE6FE00B2FFF1 /* Info.plist */ = {isa = PBXFileReference; lastKnownFileType = text.plist.xml; path = Info.plist; sourceTree = "<group>"; };
		05E69DFB1C9CE6FE00B2FFF1 /* Hackamedia-3-19Tests.xctest */ = {isa = PBXFileReference; explicitFileType = wrapper.cfbundle; includeInIndex = 0; path = "Hackamedia-3-19Tests.xctest"; sourceTree = BUILT_PRODUCTS_DIR; };
		05E69DFF1C9CE6FE00B2FFF1 /* Hackamedia_3_19Tests.swift */ = {isa = PBXFileReference; lastKnownFileType = sourcecode.swift; path = Hackamedia_3_19Tests.swift; sourceTree = "<group>"; };
		05E69E011C9CE6FE00B2FFF1 /* Info.plist */ = {isa = PBXFileReference; lastKnownFileType = text.plist.xml; path = Info.plist; sourceTree = "<group>"; };
		05E69E061C9CE6FE00B2FFF1 /* Hackamedia-3-19UITests.xctest */ = {isa = PBXFileReference; explicitFileType = wrapper.cfbundle; includeInIndex = 0; path = "Hackamedia-3-19UITests.xctest"; sourceTree = BUILT_PRODUCTS_DIR; };
		05E69E0A1C9CE6FF00B2FFF1 /* Hackamedia_3_19UITests.swift */ = {isa = PBXFileReference; lastKnownFileType = sourcecode.swift; path = Hackamedia_3_19UITests.swift; sourceTree = "<group>"; };
		05E69E0C1C9CE6FF00B2FFF1 /* Info.plist */ = {isa = PBXFileReference; lastKnownFileType = text.plist.xml; path = Info.plist; sourceTree = "<group>"; };
		408557704726A0C82492A874 /* libPods-Hackamedia-3-19.a */ = {isa = PBXFileReference; explicitFileType = archive.ar; includeInIndex = 0; path = "libPods-Hackamedia-3-19.a"; sourceTree = BUILT_PRODUCTS_DIR; };
		9D94F3370ADDEA5C6E1C7348 /* libPods.a */ = {isa = PBXFileReference; explicitFileType = archive.ar; includeInIndex = 0; path = libPods.a; sourceTree = BUILT_PRODUCTS_DIR; };
		C015AF656D22AF35430B14B3 /* Pods-Hackamedia-3-19.release.xcconfig */ = {isa = PBXFileReference; includeInIndex = 1; lastKnownFileType = text.xcconfig; name = "Pods-Hackamedia-3-19.release.xcconfig"; path = "Pods/Target Support Files/Pods-Hackamedia-3-19/Pods-Hackamedia-3-19.release.xcconfig"; sourceTree = "<group>"; };
		C306E4DD971CA3E4A937AA6C /* Pods-Hackamedia-3-19.debug.xcconfig */ = {isa = PBXFileReference; includeInIndex = 1; lastKnownFileType = text.xcconfig; name = "Pods-Hackamedia-3-19.debug.xcconfig"; path = "Pods/Target Support Files/Pods-Hackamedia-3-19/Pods-Hackamedia-3-19.debug.xcconfig"; sourceTree = "<group>"; };
/* End PBXFileReference section */

/* Begin PBXFrameworksBuildPhase section */
		05E69DE21C9CE6FD00B2FFF1 /* Frameworks */ = {
			isa = PBXFrameworksBuildPhase;
			buildActionMask = 2147483647;
			files = (
				7866158C3551C9EAC18E0642 /* libPods-Hackamedia-3-19.a in Frameworks */,
				02E04806AD31AF34A7AF8116 /* libPods.a in Frameworks */,
			);
			runOnlyForDeploymentPostprocessing = 0;
		};
		05E69DF81C9CE6FE00B2FFF1 /* Frameworks */ = {
			isa = PBXFrameworksBuildPhase;
			buildActionMask = 2147483647;
			files = (
			);
			runOnlyForDeploymentPostprocessing = 0;
		};
		05E69E031C9CE6FE00B2FFF1 /* Frameworks */ = {
			isa = PBXFrameworksBuildPhase;
			buildActionMask = 2147483647;
			files = (
			);
			runOnlyForDeploymentPostprocessing = 0;
		};
/* End PBXFrameworksBuildPhase section */

/* Begin PBXGroup section */
		05E69DDC1C9CE6FD00B2FFF1 = {
			isa = PBXGroup;
			children = (
				05E69DE71C9CE6FD00B2FFF1 /* Hackamedia-3-19 */,
				05E69DFE1C9CE6FE00B2FFF1 /* Hackamedia-3-19Tests */,
				05E69E091C9CE6FF00B2FFF1 /* Hackamedia-3-19UITests */,
				05E69DE61C9CE6FD00B2FFF1 /* Products */,
				EF9DD9304191BB39561D8385 /* Pods */,
				546CE125296D166BE93DB3D4 /* Frameworks */,
			);
			sourceTree = "<group>";
		};
		05E69DE61C9CE6FD00B2FFF1 /* Products */ = {
			isa = PBXGroup;
			children = (
				05E69DE51C9CE6FD00B2FFF1 /* Hackamedia-3-19.app */,
				05E69DFB1C9CE6FE00B2FFF1 /* Hackamedia-3-19Tests.xctest */,
				05E69E061C9CE6FE00B2FFF1 /* Hackamedia-3-19UITests.xctest */,
			);
			name = Products;
			sourceTree = "<group>";
		};
		05E69DE71C9CE6FD00B2FFF1 /* Hackamedia-3-19 */ = {
			isa = PBXGroup;
			children = (
				05E69DE81C9CE6FD00B2FFF1 /* AppDelegate.swift */,
				05E69DEA1C9CE6FD00B2FFF1 /* FirstViewController.swift */,
				05E69DEC1C9CE6FD00B2FFF1 /* SecondViewController.swift */,
				05E69DEE1C9CE6FD00B2FFF1 /* Main.storyboard */,
				05E69DF11C9CE6FE00B2FFF1 /* Assets.xcassets */,
				05E69DF31C9CE6FE00B2FFF1 /* LaunchScreen.storyboard */,
				05E69DF61C9CE6FE00B2FFF1 /* Info.plist */,
			);
			path = "Hackamedia-3-19";
			sourceTree = "<group>";
		};
		05E69DFE1C9CE6FE00B2FFF1 /* Hackamedia-3-19Tests */ = {
			isa = PBXGroup;
			children = (
				05E69DFF1C9CE6FE00B2FFF1 /* Hackamedia_3_19Tests.swift */,
				05E69E011C9CE6FE00B2FFF1 /* Info.plist */,
			);
			path = "Hackamedia-3-19Tests";
			sourceTree = "<group>";
		};
		05E69E091C9CE6FF00B2FFF1 /* Hackamedia-3-19UITests */ = {
			isa = PBXGroup;
			children = (
				05E69E0A1C9CE6FF00B2FFF1 /* Hackamedia_3_19UITests.swift */,
				05E69E0C1C9CE6FF00B2FFF1 /* Info.plist */,
			);
			path = "Hackamedia-3-19UITests";
			sourceTree = "<group>";
		};
		546CE125296D166BE93DB3D4 /* Frameworks */ = {
			isa = PBXGroup;
			children = (
				408557704726A0C82492A874 /* libPods-Hackamedia-3-19.a */,
				9D94F3370ADDEA5C6E1C7348 /* libPods.a */,
			);
			name = Frameworks;
			sourceTree = "<group>";
		};
		EF9DD9304191BB39561D8385 /* Pods */ = {
			isa = PBXGroup;
			children = (
				C306E4DD971CA3E4A937AA6C /* Pods-Hackamedia-3-19.debug.xcconfig */,
				C015AF656D22AF35430B14B3 /* Pods-Hackamedia-3-19.release.xcconfig */,
			);
			name = Pods;
			sourceTree = "<group>";
		};
/* End PBXGroup section */

/* Begin PBXNativeTarget section */
		05E69DE41C9CE6FD00B2FFF1 /* Hackamedia-3-19 */ = {
			isa = PBXNativeTarget;
			buildConfigurationList = 05E69E0F1C9CE6FF00B2FFF1 /* Build configuration list for PBXNativeTarget "Hackamedia-3-19" */;
			buildPhases = (
				D6C9C5E1F78B67F331203BBA /* Check Pods Manifest.lock */,
				05E69DE11C9CE6FD00B2FFF1 /* Sources */,
				05E69DE21C9CE6FD00B2FFF1 /* Frameworks */,
				05E69DE31C9CE6FD00B2FFF1 /* Resources */,
				6BDB179C7C56A55FFCFFE2FB /* Embed Pods Frameworks */,
				B6DB16695E297F0D373A8C0E /* Copy Pods Resources */,
			);
			buildRules = (
			);
			dependencies = (
			);
			name = "Hackamedia-3-19";
			productName = "Hackamedia-3-19";
			productReference = 05E69DE51C9CE6FD00B2FFF1 /* Hackamedia-3-19.app */;
			productType = "com.apple.product-type.application";
		};
		05E69DFA1C9CE6FE00B2FFF1 /* Hackamedia-3-19Tests */ = {
			isa = PBXNativeTarget;
			buildConfigurationList = 05E69E121C9CE6FF00B2FFF1 /* Build configuration list for PBXNativeTarget "Hackamedia-3-19Tests" */;
			buildPhases = (
				05E69DF71C9CE6FE00B2FFF1 /* Sources */,
				05E69DF81C9CE6FE00B2FFF1 /* Frameworks */,
				05E69DF91C9CE6FE00B2FFF1 /* Resources */,
			);
			buildRules = (
			);
			dependencies = (
				05E69DFD1C9CE6FE00B2FFF1 /* PBXTargetDependency */,
			);
			name = "Hackamedia-3-19Tests";
			productName = "Hackamedia-3-19Tests";
			productReference = 05E69DFB1C9CE6FE00B2FFF1 /* Hackamedia-3-19Tests.xctest */;
			productType = "com.apple.product-type.bundle.unit-test";
		};
		05E69E051C9CE6FE00B2FFF1 /* Hackamedia-3-19UITests */ = {
			isa = PBXNativeTarget;
			buildConfigurationList = 05E69E151C9CE6FF00B2FFF1 /* Build configuration list for PBXNativeTarget "Hackamedia-3-19UITests" */;
			buildPhases = (
				05E69E021C9CE6FE00B2FFF1 /* Sources */,
				05E69E031C9CE6FE00B2FFF1 /* Frameworks */,
				05E69E041C9CE6FE00B2FFF1 /* Resources */,
			);
			buildRules = (
			);
			dependencies = (
				05E69E081C9CE6FE00B2FFF1 /* PBXTargetDependency */,
			);
			name = "Hackamedia-3-19UITests";
			productName = "Hackamedia-3-19UITests";
			productReference = 05E69E061C9CE6FE00B2FFF1 /* Hackamedia-3-19UITests.xctest */;
			productType = "com.apple.product-type.bundle.ui-testing";
		};
/* End PBXNativeTarget section */

/* Begin PBXProject section */
		05E69DDD1C9CE6FD00B2FFF1 /* Project object */ = {
			isa = PBXProject;
			attributes = {
				LastSwiftUpdateCheck = 0720;
				LastUpgradeCheck = 0720;
				ORGANIZATIONNAME = watnow;
				TargetAttributes = {
					05E69DE41C9CE6FD00B2FFF1 = {
						CreatedOnToolsVersion = 7.2;
					};
					05E69DFA1C9CE6FE00B2FFF1 = {
						CreatedOnToolsVersion = 7.2;
						TestTargetID = 05E69DE41C9CE6FD00B2FFF1;
					};
					05E69E051C9CE6FE00B2FFF1 = {
						CreatedOnToolsVersion = 7.2;
						TestTargetID = 05E69DE41C9CE6FD00B2FFF1;
					};
				};
			};
			buildConfigurationList = 05E69DE01C9CE6FD00B2FFF1 /* Build configuration list for PBXProject "Hackamedia-3-19" */;
			compatibilityVersion = "Xcode 3.2";
			developmentRegion = English;
			hasScannedForEncodings = 0;
			knownRegions = (
				en,
				Base,
			);
			mainGroup = 05E69DDC1C9CE6FD00B2FFF1;
			productRefGroup = 05E69DE61C9CE6FD00B2FFF1 /* Products */;
			projectDirPath = "";
			projectRoot = "";
			targets = (
				05E69DE41C9CE6FD00B2FFF1 /* Hackamedia-3-19 */,
				05E69DFA1C9CE6FE00B2FFF1 /* Hackamedia-3-19Tests */,
				05E69E051C9CE6FE00B2FFF1 /* Hackamedia-3-19UITests */,
			);
		};
/* End PBXProject section */

/* Begin PBXResourcesBuildPhase section */
		05E69DE31C9CE6FD00B2FFF1 /* Resources */ = {
			isa = PBXResourcesBuildPhase;
			buildActionMask = 2147483647;
			files = (
				05E69DF51C9CE6FE00B2FFF1 /* LaunchScreen.storyboard in Resources */,
				05E69DF21C9CE6FE00B2FFF1 /* Assets.xcassets in Resources */,
				05E69DF01C9CE6FD00B2FFF1 /* Main.storyboard in Resources */,
			);
			runOnlyForDeploymentPostprocessing = 0;
		};
		05E69DF91C9CE6FE00B2FFF1 /* Resources */ = {
			isa = PBXResourcesBuildPhase;
			buildActionMask = 2147483647;
			files = (
			);
			runOnlyForDeploymentPostprocessing = 0;
		};
		05E69E041C9CE6FE00B2FFF1 /* Resources */ = {
			isa = PBXResourcesBuildPhase;
			buildActionMask = 2147483647;
			files = (
			);
			runOnlyForDeploymentPostprocessing = 0;
		};
/* End PBXResourcesBuildPhase section */

/* Begin PBXShellScriptBuildPhase section */
		6BDB179C7C56A55FFCFFE2FB /* Embed Pods Frameworks */ = {
			isa = PBXShellScriptBuildPhase;
			buildActionMask = 2147483647;
			files = (
			);
			inputPaths = (
			);
			name = "Embed Pods Frameworks";
			outputPaths = (
			);
			runOnlyForDeploymentPostprocessing = 0;
			shellPath = /bin/sh;
			shellScript = "\"${SRCROOT}/Pods/Target Support Files/Pods/Pods-frameworks.sh\"\n";
			showEnvVarsInLog = 0;
		};
		B6DB16695E297F0D373A8C0E /* Copy Pods Resources */ = {
			isa = PBXShellScriptBuildPhase;
			buildActionMask = 2147483647;
			files = (
			);
			inputPaths = (
			);
			name = "Copy Pods Resources";
			outputPaths = (
			);
			runOnlyForDeploymentPostprocessing = 0;
			shellPath = /bin/sh;
			shellScript = "\"${SRCROOT}/Pods/Target Support Files/Pods/Pods-resources.sh\"\n";
			showEnvVarsInLog = 0;
		};
		D6C9C5E1F78B67F331203BBA /* Check Pods Manifest.lock */ = {
			isa = PBXShellScriptBuildPhase;
			buildActionMask = 2147483647;
			files = (
			);
			inputPaths = (
			);
			name = "Check Pods Manifest.lock";
			outputPaths = (
			);
			runOnlyForDeploymentPostprocessing = 0;
			shellPath = /bin/sh;
			shellScript = "diff \"${PODS_ROOT}/../Podfile.lock\" \"${PODS_ROOT}/Manifest.lock\" > /dev/null\nif [[ $? != 0 ]] ; then\n    cat << EOM\nerror: The sandbox is not in sync with the Podfile.lock. Run 'pod install' or update your CocoaPods installation.\nEOM\n    exit 1\nfi\n";
			showEnvVarsInLog = 0;
		};
/* End PBXShellScriptBuildPhase section */

/* Begin PBXSourcesBuildPhase section */
		05E69DE11C9CE6FD00B2FFF1 /* Sources */ = {
			isa = PBXSourcesBuildPhase;
			buildActionMask = 2147483647;
			files = (
				05E69DED1C9CE6FD00B2FFF1 /* SecondViewController.swift in Sources */,
				05E69DE91C9CE6FD00B2FFF1 /* AppDelegate.swift in Sources */,
				05E69DEB1C9CE6FD00B2FFF1 /* FirstViewController.swift in Sources */,
			);
			runOnlyForDeploymentPostprocessing = 0;
		};
		05E69DF71C9CE6FE00B2FFF1 /* Sources */ = {
			isa = PBXSourcesBuildPhase;
			buildActionMask = 2147483647;
			files = (
				05E69E001C9CE6FE00B2FFF1 /* Hackamedia_3_19Tests.swift in Sources */,
			);
			runOnlyForDeploymentPostprocessing = 0;
		};
		05E69E021C9CE6FE00B2FFF1 /* Sources */ = {
			isa = PBXSourcesBuildPhase;
			buildActionMask = 2147483647;
			files = (
				05E69E0B1C9CE6FF00B2FFF1 /* Hackamedia_3_19UITests.swift in Sources */,
			);
			runOnlyForDeploymentPostprocessing = 0;
		};
/* End PBXSourcesBuildPhase section */

/* Begin PBXTargetDependency section */
		05E69DFD1C9CE6FE00B2FFF1 /* PBXTargetDependency */ = {
			isa = PBXTargetDependency;
			target = 05E69DE41C9CE6FD00B2FFF1 /* Hackamedia-3-19 */;
			targetProxy = 05E69DFC1C9CE6FE00B2FFF1 /* PBXContainerItemProxy */;
		};
		05E69E081C9CE6FE00B2FFF1 /* PBXTargetDependency */ = {
			isa = PBXTargetDependency;
			target = 05E69DE41C9CE6FD00B2FFF1 /* Hackamedia-3-19 */;
			targetProxy = 05E69E071C9CE6FE00B2FFF1 /* PBXContainerItemProxy */;
		};
/* End PBXTargetDependency section */

/* Begin PBXVariantGroup section */
		05E69DEE1C9CE6FD00B2FFF1 /* Main.storyboard */ = {
			isa = PBXVariantGroup;
			children = (
				05E69DEF1C9CE6FD00B2FFF1 /* Base */,
			);
			name = Main.storyboard;
			sourceTree = "<group>";
		};
		05E69DF31C9CE6FE00B2FFF1 /* LaunchScreen.storyboard */ = {
			isa = PBXVariantGroup;
			children = (
				05E69DF41C9CE6FE00B2FFF1 /* Base */,
			);
			name = LaunchScreen.storyboard;
			sourceTree = "<group>";
		};
/* End PBXVariantGroup section */

/* Begin XCBuildConfiguration section */
		05E69E0D1C9CE6FF00B2FFF1 /* Debug */ = {
			isa = XCBuildConfiguration;
			buildSettings = {
				ALWAYS_SEARCH_USER_PATHS = NO;
				CLANG_CXX_LANGUAGE_STANDARD = "gnu++0x";
				CLANG_CXX_LIBRARY = "libc++";
				CLANG_ENABLE_MODULES = YES;
				CLANG_ENABLE_OBJC_ARC = YES;
				CLANG_WARN_BOOL_CONVERSION = YES;
				CLANG_WARN_CONSTANT_CONVERSION = YES;
				CLANG_WARN_DIRECT_OBJC_ISA_USAGE = YES_ERROR;
				CLANG_WARN_EMPTY_BODY = YES;
				CLANG_WARN_ENUM_CONVERSION = YES;
				CLANG_WARN_INT_CONVERSION = YES;
				CLANG_WARN_OBJC_ROOT_CLASS = YES_ERROR;
				CLANG_WARN_UNREACHABLE_CODE = YES;
				CLANG_WARN__DUPLICATE_METHOD_MATCH = YES;
				"CODE_SIGN_IDENTITY[sdk=iphoneos*]" = "iPhone Developer";
				COPY_PHASE_STRIP = NO;
				DEBUG_INFORMATION_FORMAT = dwarf;
				ENABLE_STRICT_OBJC_MSGSEND = YES;
				ENABLE_TESTABILITY = YES;
				GCC_C_LANGUAGE_STANDARD = gnu99;
				GCC_DYNAMIC_NO_PIC = NO;
				GCC_NO_COMMON_BLOCKS = YES;
				GCC_OPTIMIZATION_LEVEL = 0;
				GCC_PREPROCESSOR_DEFINITIONS = (
					"DEBUG=1",
					"$(inherited)",
				);
				GCC_WARN_64_TO_32_BIT_CONVERSION = YES;
				GCC_WARN_ABOUT_RETURN_TYPE = YES_ERROR;
				GCC_WARN_UNDECLARED_SELECTOR = YES;
				GCC_WARN_UNINITIALIZED_AUTOS = YES_AGGRESSIVE;
				GCC_WARN_UNUSED_FUNCTION = YES;
				GCC_WARN_UNUSED_VARIABLE = YES;
				IPHONEOS_DEPLOYMENT_TARGET = 9.2;
				MTL_ENABLE_DEBUG_INFO = YES;
				ONLY_ACTIVE_ARCH = YES;
				SDKROOT = iphoneos;
				SWIFT_OPTIMIZATION_LEVEL = "-Onone";
			};
			name = Debug;
		};
		05E69E0E1C9CE6FF00B2FFF1 /* Release */ = {
			isa = XCBuildConfiguration;
			buildSettings = {
				ALWAYS_SEARCH_USER_PATHS = NO;
				CLANG_CXX_LANGUAGE_STANDARD = "gnu++0x";
				CLANG_CXX_LIBRARY = "libc++";
				CLANG_ENABLE_MODULES = YES;
				CLANG_ENABLE_OBJC_ARC = YES;
				CLANG_WARN_BOOL_CONVERSION = YES;
				CLANG_WARN_CONSTANT_CONVERSION = YES;
				CLANG_WARN_DIRECT_OBJC_ISA_USAGE = YES_ERROR;
				CLANG_WARN_EMPTY_BODY = YES;
				CLANG_WARN_ENUM_CONVERSION = YES;
				CLANG_WARN_INT_CONVERSION = YES;
				CLANG_WARN_OBJC_ROOT_CLASS = YES_ERROR;
				CLANG_WARN_UNREACHABLE_CODE = YES;
				CLANG_WARN__DUPLICATE_METHOD_MATCH = YES;
				"CODE_SIGN_IDENTITY[sdk=iphoneos*]" = "iPhone Developer";
				COPY_PHASE_STRIP = NO;
				DEBUG_INFORMATION_FORMAT = "dwarf-with-dsym";
				ENABLE_NS_ASSERTIONS = NO;
				ENABLE_STRICT_OBJC_MSGSEND = YES;
				GCC_C_LANGUAGE_STANDARD = gnu99;
				GCC_NO_COMMON_BLOCKS = YES;
				GCC_WARN_64_TO_32_BIT_CONVERSION = YES;
				GCC_WARN_ABOUT_RETURN_TYPE = YES_ERROR;
				GCC_WARN_UNDECLARED_SELECTOR = YES;
				GCC_WARN_UNINITIALIZED_AUTOS = YES_AGGRESSIVE;
				GCC_WARN_UNUSED_FUNCTION = YES;
				GCC_WARN_UNUSED_VARIABLE = YES;
				IPHONEOS_DEPLOYMENT_TARGET = 9.2;
				MTL_ENABLE_DEBUG_INFO = NO;
				SDKROOT = iphoneos;
				VALIDATE_PRODUCT = YES;
			};
			name = Release;
		};
		05E69E101C9CE6FF00B2FFF1 /* Debug */ = {
			isa = XCBuildConfiguration;
			baseConfigurationReference = C306E4DD971CA3E4A937AA6C /* Pods-Hackamedia-3-19.debug.xcconfig */;
			buildSettings = {
				ASSETCATALOG_COMPILER_APPICON_NAME = AppIcon;
				INFOPLIST_FILE = "Hackamedia-3-19/Info.plist";
				LD_RUNPATH_SEARCH_PATHS = "$(inherited) @executable_path/Frameworks";
				PRODUCT_BUNDLE_IDENTIFIER = "watnow.Hackamedia-3-19";
				PRODUCT_NAME = "$(TARGET_NAME)";
			};
			name = Debug;
		};
		05E69E111C9CE6FF00B2FFF1 /* Release */ = {
			isa = XCBuildConfiguration;
			baseConfigurationReference = C015AF656D22AF35430B14B3 /* Pods-Hackamedia-3-19.release.xcconfig */;
			buildSettings = {
				ASSETCATALOG_COMPILER_APPICON_NAME = AppIcon;
				INFOPLIST_FILE = "Hackamedia-3-19/Info.plist";
				LD_RUNPATH_SEARCH_PATHS = "$(inherited) @executable_path/Frameworks";
				PRODUCT_BUNDLE_IDENTIFIER = "watnow.Hackamedia-3-19";
				PRODUCT_NAME = "$(TARGET_NAME)";
			};
			name = Release;
		};
		05E69E131C9CE6FF00B2FFF1 /* Debug */ = {
			isa = XCBuildConfiguration;
			buildSettings = {
				BUNDLE_LOADER = "$(TEST_HOST)";
				INFOPLIST_FILE = "Hackamedia-3-19Tests/Info.plist";
				LD_RUNPATH_SEARCH_PATHS = "$(inherited) @executable_path/Frameworks @loader_path/Frameworks";
				PRODUCT_BUNDLE_IDENTIFIER = "watnow.Hackamedia-3-19Tests";
				PRODUCT_NAME = "$(TARGET_NAME)";
				TEST_HOST = "$(BUILT_PRODUCTS_DIR)/Hackamedia-3-19.app/Hackamedia-3-19";
			};
			name = Debug;
		};
		05E69E141C9CE6FF00B2FFF1 /* Release */ = {
			isa = XCBuildConfiguration;
			buildSettings = {
				BUNDLE_LOADER = "$(TEST_HOST)";
				INFOPLIST_FILE = "Hackamedia-3-19Tests/Info.plist";
				LD_RUNPATH_SEARCH_PATHS = "$(inherited) @executable_path/Frameworks @loader_path/Frameworks";
				PRODUCT_BUNDLE_IDENTIFIER = "watnow.Hackamedia-3-19Tests";
				PRODUCT_NAME = "$(TARGET_NAME)";
				TEST_HOST = "$(BUILT_PRODUCTS_DIR)/Hackamedia-3-19.app/Hackamedia-3-19";
			};
			name = Release;
		};
		05E69E161C9CE6FF00B2FFF1 /* Debug */ = {
			isa = XCBuildConfiguration;
			buildSettings = {
				INFOPLIST_FILE = "Hackamedia-3-19UITests/Info.plist";
				LD_RUNPATH_SEARCH_PATHS = "$(inherited) @executable_path/Frameworks @loader_path/Frameworks";
				PRODUCT_BUNDLE_IDENTIFIER = "watnow.Hackamedia-3-19UITests";
				PRODUCT_NAME = "$(TARGET_NAME)";
				TEST_TARGET_NAME = "Hackamedia-3-19";
				USES_XCTRUNNER = YES;
			};
			name = Debug;
		};
		05E69E171C9CE6FF00B2FFF1 /* Release */ = {
			isa = XCBuildConfiguration;
			buildSettings = {
				INFOPLIST_FILE = "Hackamedia-3-19UITests/Info.plist";
				LD_RUNPATH_SEARCH_PATHS = "$(inherited) @executable_path/Frameworks @loader_path/Frameworks";
				PRODUCT_BUNDLE_IDENTIFIER = "watnow.Hackamedia-3-19UITests";
				PRODUCT_NAME = "$(TARGET_NAME)";
				TEST_TARGET_NAME = "Hackamedia-3-19";
				USES_XCTRUNNER = YES;
			};
			name = Release;
		};
/* End XCBuildConfiguration section */

/* Begin XCConfigurationList section */
		05E69DE01C9CE6FD00B2FFF1 /* Build configuration list for PBXProject "Hackamedia-3-19" */ = {
			isa = XCConfigurationList;
			buildConfigurations = (
				05E69E0D1C9CE6FF00B2FFF1 /* Debug */,
				05E69E0E1C9CE6FF00B2FFF1 /* Release */,
			);
			defaultConfigurationIsVisible = 0;
			defaultConfigurationName = Release;
		};
		05E69E0F1C9CE6FF00B2FFF1 /* Build configuration list for PBXNativeTarget "Hackamedia-3-19" */ = {
			isa = XCConfigurationList;
			buildConfigurations = (
				05E69E101C9CE6FF00B2FFF1 /* Debug */,
				05E69E111C9CE6FF00B2FFF1 /* Release */,
			);
			defaultConfigurationIsVisible = 0;
			defaultConfigurationName = Release;
		};
		05E69E121C9CE6FF00B2FFF1 /* Build configuration list for PBXNativeTarget "Hackamedia-3-19Tests" */ = {
			isa = XCConfigurationList;
			buildConfigurations = (
				05E69E131C9CE6FF00B2FFF1 /* Debug */,
				05E69E141C9CE6FF00B2FFF1 /* Release */,
			);
			defaultConfigurationIsVisible = 0;
			defaultConfigurationName = Release;
		};
		05E69E151C9CE6FF00B2FFF1 /* Build configuration list for PBXNativeTarget "Hackamedia-3-19UITests" */ = {
			isa = XCConfigurationList;
			buildConfigurations = (
				05E69E161C9CE6FF00B2FFF1 /* Debug */,
				05E69E171C9CE6FF00B2FFF1 /* Release */,
			);
			defaultConfigurationIsVisible = 0;
			defaultConfigurationName = Release;
		};
/* End XCConfigurationList section */
	};
	rootObject = 05E69DDD1C9CE6FD00B2FFF1 /* Project object */;
}
